
Microsoft Visual Studio Solution File, Format Version 12.00
# Visual Studio 15
VisualStudioVersion = 15.0.27703.2000
MinimumVisualStudioVersion = 10.0.40219.1
Project("{8BC9CEB8-8B4A-11D0-8D11-00A0C91BC942}") = "1", "1\1.vcxproj", "{116B93F3-9763-40B2-BDBD-57F6A2CE27E5}"
EndProject
Global
	GlobalSection(SolutionConfigurationPlatforms) = preSolution
		Debug|x64 = Debug|x64
		Debug|x86 = Debug|x86
		Release|x64 = Release|x64
		Release|x86 = Release|x86
	EndGlobalSection
	GlobalSection(ProjectConfigurationPlatforms) = postSolution
		{116B93F3-9763-40B2-BDBD-57F6A2CE27E5}.Debug|x64.ActiveCfg = Debug|x64
		{116B93F3-9763-40B2-BDBD-57F6A2CE27E5}.Debug|x64.Build.0 = Debug|x64
		{116B93F3-9763-40B2-BDBD-57F6A2CE27E5}.Debug|x86.ActiveCfg = Debug|Win32
		{116B93F3-9763-40B2-BDBD-57F6A2CE27E5}.Debug|x86.Build.0 = Debug|Win32
		{116B93F3-9763-40B2-BDBD-57F6A2CE27E5}.Release|x64.ActiveCfg = Release|x64
		{116B93F3-9763-40B2-BDBD-57F6A2CE27E5}.Release|x64.Build.0 = Release|x64
		{116B93F3-9763-40B2-BDBD-57F6A2CE27E5}.Release|x86.ActiveCfg = Release|Win32
		{116B93F3-9763-40B2-BDBD-57F6A2CE27E5}.Release|x86.Build.0 = Release|Win32
	EndGlobalSection
	GlobalSection(SolutionProperties) = preSolution
		HideSolutionNode = FALSE
	EndGlobalSection
	GlobalSection(ExtensibilityGlobals) = postSolution
		SolutionGuid = {383B353B-0BF9-474E-9447-76E8B4857FE9}
	EndGlobalSection
EndGlobal
